{
  "name": "janusweb",
  "version": "1.5.52",
  "lockfileVersion": 1,
  "requires": true,
  "dependencies": {
    "cyclone-physics": {
      "version": "1.1.3",
      "resolved": "https://registry.npmjs.org/cyclone-physics/-/cyclone-physics-1.1.3.tgz",
      "integrity": "sha512-aL1zbbA8+zxsv6iuSCiwi8J0Edm7PzE/sB2zDMD6NDdszt9uE8+I63dBLLn/HyKCScauXWAkg627UdAuyW03yA==",
      "requires": {
        "elation": ">=2.0.0"
      }
    },
    "elation": {
      "version": "2.3.23",
      "resolved": "https://registry.npmjs.org/elation/-/elation-2.3.23.tgz",
      "integrity": "sha512-m/uWYMEUgqWFIxpa9I5LM1TUcKX6SZfxJ+i2/j9P0xdH82MgiRszercV7n6abxiXhiRb/ykulwjZAcU+J+Nm7Q=="
    },
    "elation-engine": {
      "version": "0.9.120",
      "resolved": "https://registry.npmjs.org/elation-engine/-/elation-engine-0.9.120.tgz",
      "integrity": "sha512-LNaqG5dq6cs3FgaZhTdh7p9sN8xQ1O3767D4ANf9svBs2XO1GOreDKlyyhK/0VhDt9f3F+Ir6LIZljvliEd03A==",
      "requires": {
        "cyclone-physics": "*",
        "elation": ">=2.2.10",
        "elation-share": "*"
      }
    },
    "elation-share": {
      "version": "1.0.9",
      "resolved": "https://registry.npmjs.org/elation-share/-/elation-share-1.0.9.tgz",
      "integrity": "sha512-N49KWmMfGNR3+z1hcE/w0OZPQK5TY6yEL5XN/vfjhMIrMpCp/FNY2OGfItvZ3L4KA/HyB+8GD7Am7B7STSvU+A==",
      "requires": {
        "elation": ">=2.0.0"
      }
    },
    "uglify-js": {
      "version": "3.19.3",
      "resolved": "https://registry.npmjs.org/uglify-js/-/uglify-js-3.19.3.tgz",
      "integrity": "sha512-v3Xu+yuwBXisp6QYTcH4UbH+xYJXqnq2m/LtQVWKWzYc1iehYnLixoQDN9FH6/j9/oybfd6W9Ghwkl8+UMKTKQ=="
    }
  }
}
