{
  "name": "janusweb",
  "version": "1.7.0",
  "lockfileVersion": 3,
  "requires": true,
  "packages": {
    "": {
      "name": "janusweb",
      "version": "1.7.0",
      "hasInstallScript": true,
      "license": "MIT",
      "dependencies": {
        "elation-engine": ">=0.9.114",
        "uglify-js": "*"
      },
      "devDependencies": {}
    },
    "node_modules/cyclone-physics": {
      "version": "1.2.0",
      "license": "MIT"
    },
    "node_modules/elation": {
      "version": "2.3.24",
      "license": "MIT"
    },
    "node_modules/elation-engine": {
      "version": "0.10.0",
      "license": "MIT",
      "dependencies": {
        "cyclone-physics": "*",
        "elation": ">=2.2.10",
        "elation-share": "*"
      }
    },
    "node_modules/elation-share": {
      "version": "1.0.9",
      "license": "MIT",
      "dependencies": {
        "elation": ">=2.0.0"
      }
    },
    "node_modules/uglify-js": {
      "version": "3.19.3",
      "license": "BSD-2-Clause",
      "bin": {
        "uglifyjs": "bin/uglifyjs"
      },
      "engines": {
        "node": ">=0.8.0"
      }
    }
  }
}
