{
  "name": "janusweb",
  "version": "1.5.38",
  "lockfileVersion": 1,
  "requires": true,
  "dependencies": {
    "commander": {
      "version": "2.13.0",
      "resolved": "https://registry.npmjs.org/commander/-/commander-2.13.0.tgz",
      "integrity": "sha512-MVuS359B+YzaWqjCL/c+22gfryv+mCBPHAv3zyVI2GN8EY6IRP8VwtasXn8jyyhvvq84R4ImN1OKRtcbIasjYA=="
    },
    "cyclone-physics": {
      "version": "1.0.14",
      "resolved": "https://registry.npmjs.org/cyclone-physics/-/cyclone-physics-1.0.14.tgz",
      "integrity": "sha512-dD78/PSLbyJWt2NCaqHIk2bQZ8/XIA7M+SFAg1AHnK0+ijziCF4O2+ymXXqgg2lbUZ1vuXboDGnZmMF3FnR9kQ==",
      "requires": {
        "elation": ">=2.0.0"
      }
    },
    "elation": {
      "version": "2.3.14",
      "resolved": "https://registry.npmjs.org/elation/-/elation-2.3.14.tgz",
      "integrity": "sha512-vZjN5Quk5VAI3+nXGaLVEHiOxvV/u4dGrVHNhy18wgLaFj75EYcdZH8EAgbAu9n/xW+FVm3Ed8WigABss1wjgQ=="
    },
    "elation-engine": {
      "version": "0.9.110",
      "resolved": "https://registry.npmjs.org/elation-engine/-/elation-engine-0.9.110.tgz",
      "integrity": "sha512-fwcrS8VVTI5hOUky+6HV8zxeqADclzXMLnskUOfS48vmL4QAA6SkS91F6zAn9douMOiPYj4ZIS3ojJtaY9fr8g==",
      "requires": {
        "cyclone-physics": "*",
        "elation": ">=2.2.10",
        "elation-share": "*"
      }
    },
    "elation-share": {
      "version": "1.0.9",
      "resolved": "https://registry.npmjs.org/elation-share/-/elation-share-1.0.9.tgz",
      "integrity": "sha1-6NgxbyCXkrRkWQoFt3OWtfIQ8oc=",
      "requires": {
        "elation": ">=2.0.0"
      }
    },
    "source-map": {
      "version": "0.6.1",
      "resolved": "https://registry.npmjs.org/source-map/-/source-map-0.6.1.tgz",
      "integrity": "sha512-UjgapumWlbMhkBgzT7Ykc5YXUT46F0iKu8SGXq0bcwP5dz/h0Plj6enJqjz1Zbq2l5WaqYnrVbwWOWMyF3F47g=="
    },
    "uglify-es": {
      "version": "3.3.9",
      "resolved": "https://registry.npmjs.org/uglify-es/-/uglify-es-3.3.9.tgz",
      "integrity": "sha512-r+MU0rfv4L/0eeW3xZrd16t4NZfK8Ld4SWVglYBb7ez5uXFWHuVRs6xCTrf1yirs9a4j4Y27nn7SRfO6v67XsQ==",
      "requires": {
        "commander": "~2.13.0",
        "source-map": "~0.6.1"
      }
    }
  }
}
